// !$*UTF8*$!
{
	archiveVersion = 1;
	classes = {
	};
	objectVersion = 50;
	objects = {

/* Begin PBXBuildFile section */
		637077F820918E2500CA5E80 /* AppDelegate.swift in Sources */ = {isa = PBXBuildFile; fileRef = 637077F720918E2500CA5E80 /* AppDelegate.swift */; };
		637077FF20918E2700CA5E80 /* Assets.xcassets in Resources */ = {isa = PBXBuildFile; fileRef = 637077FE20918E2700CA5E80 /* Assets.xcassets */; };
		6370780220918E2700CA5E80 /* LaunchScreen.storyboard in Resources */ = {isa = PBXBuildFile; fileRef = 6370780020918E2700CA5E80 /* LaunchScreen.storyboard */; };
		6370780A2091900800CA5E80 /* HomeViewController.swift in Sources */ = {isa = PBXBuildFile; fileRef = 637078092091900800CA5E80 /* HomeViewController.swift */; };
		63707817209193D400CA5E80 /* Font.swift in Sources */ = {isa = PBXBuildFile; fileRef = 63707816209193D400CA5E80 /* Font.swift */; };
		63707819209195D200CA5E80 /* Extensions.swift in Sources */ = {isa = PBXBuildFile; fileRef = 63707818209195D200CA5E80 /* Extensions.swift */; };
		6370781B2091974900CA5E80 /* ActionButton.swift in Sources */ = {isa = PBXBuildFile; fileRef = 6370781A2091974900CA5E80 /* ActionButton.swift */; };
		6370781D2091976200CA5E80 /* AlternateActionButton.swift in Sources */ = {isa = PBXBuildFile; fileRef = 6370781C2091976200CA5E80 /* AlternateActionButton.swift */; };
		6370782420919F2000CA5E80 /* MenuViewController.swift in Sources */ = {isa = PBXBuildFile; fileRef = 6370782320919F2000CA5E80 /* MenuViewController.swift */; };
		637078262091A07C00CA5E80 /* Course.swift in Sources */ = {isa = PBXBuildFile; fileRef = 637078252091A07C00CA5E80 /* Course.swift */; };
		637078282091A19300CA5E80 /* Lesson.swift in Sources */ = {isa = PBXBuildFile; fileRef = 637078272091A19300CA5E80 /* Lesson.swift */; };
		6370782A2091B5AD00CA5E80 /* MenuTableViewCell.swift in Sources */ = {isa = PBXBuildFile; fileRef = 637078292091B5AD00CA5E80 /* MenuTableViewCell.swift */; };
		6370782C2091B61100CA5E80 /* Constants.swift in Sources */ = {isa = PBXBuildFile; fileRef = 6370782B2091B61100CA5E80 /* Constants.swift */; };
		637078322091C05400CA5E80 /* MenuNavigationController.swift in Sources */ = {isa = PBXBuildFile; fileRef = 637078312091C05400CA5E80 /* MenuNavigationController.swift */; };
		637078342091C5BB00CA5E80 /* StyleKit.swift in Sources */ = {isa = PBXBuildFile; fileRef = 637078332091C5BB00CA5E80 /* StyleKit.swift */; };
		637078362091C7FF00CA5E80 /* CourseViewController.swift in Sources */ = {isa = PBXBuildFile; fileRef = 637078352091C7FF00CA5E80 /* CourseViewController.swift */; };
		637078382091D38600CA5E80 /* LessonTableViewCell.swift in Sources */ = {isa = PBXBuildFile; fileRef = 637078372091D38600CA5E80 /* LessonTableViewCell.swift */; };
		6370783A2091E2B600CA5E80 /* ARLessonViewController.swift in Sources */ = {isa = PBXBuildFile; fileRef = 637078392091E2B600CA5E80 /* ARLessonViewController.swift */; };
		6370783E2091E5EF00CA5E80 /* DefaultARViewController.swift in Sources */ = {isa = PBXBuildFile; fileRef = 6370783D2091E5EF00CA5E80 /* DefaultARViewController.swift */; };
		6371B35F20A1565C008E3BCF /* ARStackView.swift in Sources */ = {isa = PBXBuildFile; fileRef = 6371B35E20A1565C008E3BCF /* ARStackView.swift */; };
		637E57E020AC4FB3000464D6 /* SubtitleView.swift in Sources */ = {isa = PBXBuildFile; fileRef = 637E57DF20AC4FB3000464D6 /* SubtitleView.swift */; };
		637E57E220AD6FD8000464D6 /* LinkedListNode.swift in Sources */ = {isa = PBXBuildFile; fileRef = 637E57E120AD6FD8000464D6 /* LinkedListNode.swift */; };
		637E57E420AD700A000464D6 /* BaseNode.swift in Sources */ = {isa = PBXBuildFile; fileRef = 637E57E320AD700A000464D6 /* BaseNode.swift */; };
		6386D057209BFC7B005B052B /* AugmentedReality.xcassets in Resources */ = {isa = PBXBuildFile; fileRef = 6386D056209BFC7B005B052B /* AugmentedReality.xcassets */; };
		6397C26E20AD93670053F93F /* SceneKit Scene.scn in Resources */ = {isa = PBXBuildFile; fileRef = 6397C26D20AD93670053F93F /* SceneKit Scene.scn */; };
		639F14AA209E9E1F0074330F /* ARButton.swift in Sources */ = {isa = PBXBuildFile; fileRef = 639F14A9209E9E1F0074330F /* ARButton.swift */; };
		639F14AE209EA7130074330F /* ContainerBoxNode.swift in Sources */ = {isa = PBXBuildFile; fileRef = 639F14AD209EA7130074330F /* ContainerBoxNode.swift */; };
		639F14B0209EEAAF0074330F /* ARLabel.swift in Sources */ = {isa = PBXBuildFile; fileRef = 639F14AF209EEAAF0074330F /* ARLabel.swift */; };
		639F14B2209F09610074330F /* AlternateARButton.swift in Sources */ = {isa = PBXBuildFile; fileRef = 639F14B1209F09610074330F /* AlternateARButton.swift */; };
		63B459E220A2F7EA00E15798 /* SubtitleTextView.swift in Sources */ = {isa = PBXBuildFile; fileRef = 63B459E120A2F7EA00E15798 /* SubtitleTextView.swift */; };
		63BA7DCD2099C0E3009D785A /* tracker.mtl in Resources */ = {isa = PBXBuildFile; fileRef = 63BA7DCA2099C0E3009D785A /* tracker.mtl */; };
		63BA7DCE2099C0E3009D785A /* tracker.png in Resources */ = {isa = PBXBuildFile; fileRef = 63BA7DCB2099C0E3009D785A /* tracker.png */; };
		63BA7DD12099C6BB009D785A /* tracker.scn in Resources */ = {isa = PBXBuildFile; fileRef = 63BA7DD02099C162009D785A /* tracker.scn */; };
		63E679A020C9A3DD00D35BC7 /* upgraded tracker.scn in Resources */ = {isa = PBXBuildFile; fileRef = 63E6799F20C9A3DD00D35BC7 /* upgraded tracker.scn */; };
		E884B9F0E586E428CC9590B5 /* Pods_Learn_CS_in_AR.framework in Frameworks */ = {isa = PBXBuildFile; fileRef = 169B610091AD0ED3C903882C /* Pods_Learn_CS_in_AR.framework */; };
/* End PBXBuildFile section */

/* Begin PBXFileReference section */
		169B610091AD0ED3C903882C /* Pods_Learn_CS_in_AR.framework */ = {isa = PBXFileReference; explicitFileType = wrapper.framework; includeInIndex = 0; path = Pods_Learn_CS_in_AR.framework; sourceTree = BUILT_PRODUCTS_DIR; };
		40E4C13DED107D72F1752A9E /* Pods-Learn CS in AR.release.xcconfig */ = {isa = PBXFileReference; includeInIndex = 1; lastKnownFileType = text.xcconfig; name = "Pods-Learn CS in AR.release.xcconfig"; path = "Pods/Target Support Files/Pods-Learn CS in AR/Pods-Learn CS in AR.release.xcconfig"; sourceTree = "<group>"; };
		637077F420918E2500CA5E80 /* Learn CS in AR.app */ = {isa = PBXFileReference; explicitFileType = wrapper.application; includeInIndex = 0; path = "Learn CS in AR.app"; sourceTree = BUILT_PRODUCTS_DIR; };
		637077F720918E2500CA5E80 /* AppDelegate.swift */ = {isa = PBXFileReference; lastKnownFileType = sourcecode.swift; path = AppDelegate.swift; sourceTree = "<group>"; };
		637077FE20918E2700CA5E80 /* Assets.xcassets */ = {isa = PBXFileReference; lastKnownFileType = folder.assetcatalog; path = Assets.xcassets; sourceTree = "<group>"; };
		6370780120918E2700CA5E80 /* Base */ = {isa = PBXFileReference; lastKnownFileType = file.storyboard; name = Base; path = Base.lproj/LaunchScreen.storyboard; sourceTree = "<group>"; };
		6370780320918E2700CA5E80 /* Info.plist */ = {isa = PBXFileReference; lastKnownFileType = text.plist.xml; path = Info.plist; sourceTree = "<group>"; };
		637078092091900800CA5E80 /* HomeViewController.swift */ = {isa = PBXFileReference; lastKnownFileType = sourcecode.swift; path = HomeViewController.swift; sourceTree = "<group>"; };
		63707816209193D400CA5E80 /* Font.swift */ = {isa = PBXFileReference; lastKnownFileType = sourcecode.swift; path = Font.swift; sourceTree = "<group>"; };
		63707818209195D200CA5E80 /* Extensions.swift */ = {isa = PBXFileReference; lastKnownFileType = sourcecode.swift; path = Extensions.swift; sourceTree = "<group>"; };
		6370781A2091974900CA5E80 /* ActionButton.swift */ = {isa = PBXFileReference; lastKnownFileType = sourcecode.swift; path = ActionButton.swift; sourceTree = "<group>"; };
		6370781C2091976200CA5E80 /* AlternateActionButton.swift */ = {isa = PBXFileReference; lastKnownFileType = sourcecode.swift; path = AlternateActionButton.swift; sourceTree = "<group>"; };
		6370782320919F2000CA5E80 /* MenuViewController.swift */ = {isa = PBXFileReference; lastKnownFileType = sourcecode.swift; path = MenuViewController.swift; sourceTree = "<group>"; };
		637078252091A07C00CA5E80 /* Course.swift */ = {isa = PBXFileReference; lastKnownFileType = sourcecode.swift; path = Course.swift; sourceTree = "<group>"; };
		637078272091A19300CA5E80 /* Lesson.swift */ = {isa = PBXFileReference; lastKnownFileType = sourcecode.swift; path = Lesson.swift; sourceTree = "<group>"; };
		637078292091B5AD00CA5E80 /* MenuTableViewCell.swift */ = {isa = PBXFileReference; lastKnownFileType = sourcecode.swift; path = MenuTableViewCell.swift; sourceTree = "<group>"; };
		6370782B2091B61100CA5E80 /* Constants.swift */ = {isa = PBXFileReference; lastKnownFileType = sourcecode.swift; path = Constants.swift; sourceTree = "<group>"; };
		637078312091C05400CA5E80 /* MenuNavigationController.swift */ = {isa = PBXFileReference; lastKnownFileType = sourcecode.swift; path = MenuNavigationController.swift; sourceTree = "<group>"; };
		637078332091C5BB00CA5E80 /* StyleKit.swift */ = {isa = PBXFileReference; lastKnownFileType = sourcecode.swift; path = StyleKit.swift; sourceTree = "<group>"; };
		637078352091C7FF00CA5E80 /* CourseViewController.swift */ = {isa = PBXFileReference; lastKnownFileType = sourcecode.swift; path = CourseViewController.swift; sourceTree = "<group>"; };
		637078372091D38600CA5E80 /* LessonTableViewCell.swift */ = {isa = PBXFileReference; lastKnownFileType = sourcecode.swift; path = LessonTableViewCell.swift; sourceTree = "<group>"; };
		637078392091E2B600CA5E80 /* ARLessonViewController.swift */ = {isa = PBXFileReference; lastKnownFileType = sourcecode.swift; path = ARLessonViewController.swift; sourceTree = "<group>"; };
		6370783D2091E5EF00CA5E80 /* DefaultARViewController.swift */ = {isa = PBXFileReference; lastKnownFileType = sourcecode.swift; path = DefaultARViewController.swift; sourceTree = "<group>"; };
		6371B35E20A1565C008E3BCF /* ARStackView.swift */ = {isa = PBXFileReference; lastKnownFileType = sourcecode.swift; path = ARStackView.swift; sourceTree = "<group>"; };
		637E57DF20AC4FB3000464D6 /* SubtitleView.swift */ = {isa = PBXFileReference; lastKnownFileType = sourcecode.swift; path = SubtitleView.swift; sourceTree = "<group>"; };
		637E57E120AD6FD8000464D6 /* LinkedListNode.swift */ = {isa = PBXFileReference; lastKnownFileType = sourcecode.swift; path = LinkedListNode.swift; sourceTree = "<group>"; };
		637E57E320AD700A000464D6 /* BaseNode.swift */ = {isa = PBXFileReference; lastKnownFileType = sourcecode.swift; path = BaseNode.swift; sourceTree = "<group>"; };
		6386D056209BFC7B005B052B /* AugmentedReality.xcassets */ = {isa = PBXFileReference; lastKnownFileType = folder.assetcatalog; path = AugmentedReality.xcassets; sourceTree = "<group>"; };
		6397C26D20AD93670053F93F /* SceneKit Scene.scn */ = {isa = PBXFileReference; lastKnownFileType = file.bplist; path = "SceneKit Scene.scn"; sourceTree = "<group>"; };
		639F14A9209E9E1F0074330F /* ARButton.swift */ = {isa = PBXFileReference; lastKnownFileType = sourcecode.swift; path = ARButton.swift; sourceTree = "<group>"; };
		639F14AD209EA7130074330F /* ContainerBoxNode.swift */ = {isa = PBXFileReference; lastKnownFileType = sourcecode.swift; path = ContainerBoxNode.swift; sourceTree = "<group>"; };
		639F14AF209EEAAF0074330F /* ARLabel.swift */ = {isa = PBXFileReference; lastKnownFileType = sourcecode.swift; path = ARLabel.swift; sourceTree = "<group>"; };
		639F14B1209F09610074330F /* AlternateARButton.swift */ = {isa = PBXFileReference; lastKnownFileType = sourcecode.swift; path = AlternateARButton.swift; sourceTree = "<group>"; };
		63B459E120A2F7EA00E15798 /* SubtitleTextView.swift */ = {isa = PBXFileReference; lastKnownFileType = sourcecode.swift; path = SubtitleTextView.swift; sourceTree = "<group>"; };
		63BA7DCA2099C0E3009D785A /* tracker.mtl */ = {isa = PBXFileReference; fileEncoding = 4; lastKnownFileType = text; path = tracker.mtl; sourceTree = "<group>"; };
		63BA7DCB2099C0E3009D785A /* tracker.png */ = {isa = PBXFileReference; lastKnownFileType = image.png; path = tracker.png; sourceTree = "<group>"; };
		63BA7DD02099C162009D785A /* tracker.scn */ = {isa = PBXFileReference; lastKnownFileType = file.bplist; path = tracker.scn; sourceTree = "<group>"; };
		63E6799F20C9A3DD00D35BC7 /* upgraded tracker.scn */ = {isa = PBXFileReference; lastKnownFileType = file.bplist; path = "upgraded tracker.scn"; sourceTree = "<group>"; };
		6B7544049D4B61B9F7A528D7 /* Pods-Learn CS in AR.debug.xcconfig */ = {isa = PBXFileReference; includeInIndex = 1; lastKnownFileType = text.xcconfig; name = "Pods-Learn CS in AR.debug.xcconfig"; path = "Pods/Target Support Files/Pods-Learn CS in AR/Pods-Learn CS in AR.debug.xcconfig"; sourceTree = "<group>"; };
/* End PBXFileReference section */

/* Begin PBXFrameworksBuildPhase section */
		637077F120918E2500CA5E80 /* Frameworks */ = {
			isa = PBXFrameworksBuildPhase;
			buildActionMask = 2147483647;
			files = (
				E884B9F0E586E428CC9590B5 /* Pods_Learn_CS_in_AR.framework in Frameworks */,
			);
			runOnlyForDeploymentPostprocessing = 0;
		};
/* End PBXFrameworksBuildPhase section */

/* Begin PBXGroup section */
		128420E38EBA8EB8A31DDF98 /* Frameworks */ = {
			isa = PBXGroup;
			children = (
				169B610091AD0ED3C903882C /* Pods_Learn_CS_in_AR.framework */,
			);
			name = Frameworks;
			sourceTree = "<group>";
		};
		637077EB20918E2500CA5E80 = {
			isa = PBXGroup;
			children = (
				637077F620918E2500CA5E80 /* Learn CS in AR */,
				637077F520918E2500CA5E80 /* Products */,
				7F757CD0270A6B1F6D1CE30F /* Pods */,
				128420E38EBA8EB8A31DDF98 /* Frameworks */,
			);
			sourceTree = "<group>";
		};
		637077F520918E2500CA5E80 /* Products */ = {
			isa = PBXGroup;
			children = (
				637077F420918E2500CA5E80 /* Learn CS in AR.app */,
			);
			name = Products;
			sourceTree = "<group>";
		};
		637077F620918E2500CA5E80 /* Learn CS in AR */ = {
			isa = PBXGroup;
			children = (
				6370780B2091905800CA5E80 /* App */,
				6370783B2091E5CB00CA5E80 /* Augmented Reality */,
				6370780C2091905C00CA5E80 /* Home */,
				6370781E20919EE500CA5E80 /* Menu */,
			);
			path = "Learn CS in AR";
			sourceTree = "<group>";
		};
		6370780B2091905800CA5E80 /* App */ = {
			isa = PBXGroup;
			children = (
				637078112091908D00CA5E80 /* AppDelegate */,
				637078122091909B00CA5E80 /* Resources */,
				63707813209190AA00CA5E80 /* Supporting Files */,
				63707814209190B700CA5E80 /* Utilities */,
				63707815209190BF00CA5E80 /* Views */,
			);
			path = App;
			sourceTree = "<group>";
		};
		6370780C2091905C00CA5E80 /* Home */ = {
			isa = PBXGroup;
			children = (
				6370780D2091906700CA5E80 /* Controllers */,
				6370780E2091906C00CA5E80 /* Models */,
				6370780F2091907200CA5E80 /* Resources */,
				637078102091907A00CA5E80 /* Views */,
			);
			path = Home;
			sourceTree = "<group>";
		};
		6370780D2091906700CA5E80 /* Controllers */ = {
			isa = PBXGroup;
			children = (
				637078092091900800CA5E80 /* HomeViewController.swift */,
			);
			path = Controllers;
			sourceTree = "<group>";
		};
		6370780E2091906C00CA5E80 /* Models */ = {
			isa = PBXGroup;
			children = (
			);
			path = Models;
			sourceTree = "<group>";
		};
		6370780F2091907200CA5E80 /* Resources */ = {
			isa = PBXGroup;
			children = (
			);
			path = Resources;
			sourceTree = "<group>";
		};
		637078102091907A00CA5E80 /* Views */ = {
			isa = PBXGroup;
			children = (
			);
			path = Views;
			sourceTree = "<group>";
		};
		637078112091908D00CA5E80 /* AppDelegate */ = {
			isa = PBXGroup;
			children = (
				637077F720918E2500CA5E80 /* AppDelegate.swift */,
			);
			path = AppDelegate;
			sourceTree = "<group>";
		};
		637078122091909B00CA5E80 /* Resources */ = {
			isa = PBXGroup;
			children = (
				637077FE20918E2700CA5E80 /* Assets.xcassets */,
			);
			path = Resources;
			sourceTree = "<group>";
		};
		63707813209190AA00CA5E80 /* Supporting Files */ = {
			isa = PBXGroup;
			children = (
				6370780320918E2700CA5E80 /* Info.plist */,
			);
			path = "Supporting Files";
			sourceTree = "<group>";
		};
		63707814209190B700CA5E80 /* Utilities */ = {
			isa = PBXGroup;
			children = (
				6370782B2091B61100CA5E80 /* Constants.swift */,
				63707818209195D200CA5E80 /* Extensions.swift */,
				63707816209193D400CA5E80 /* Font.swift */,
				637078332091C5BB00CA5E80 /* StyleKit.swift */,
			);
			path = Utilities;
			sourceTree = "<group>";
		};
		63707815209190BF00CA5E80 /* Views */ = {
			isa = PBXGroup;
			children = (
				6370781A2091974900CA5E80 /* ActionButton.swift */,
				6370781C2091976200CA5E80 /* AlternateActionButton.swift */,
				639F14B1209F09610074330F /* AlternateARButton.swift */,
				639F14A9209E9E1F0074330F /* ARButton.swift */,
				639F14AF209EEAAF0074330F /* ARLabel.swift */,
				6370780020918E2700CA5E80 /* LaunchScreen.storyboard */,
			);
			path = Views;
			sourceTree = "<group>";
		};
		6370781E20919EE500CA5E80 /* Menu */ = {
			isa = PBXGroup;
			children = (
				6370781F20919EFB00CA5E80 /* Controllers */,
				6370782020919F0200CA5E80 /* Models */,
				6370782120919F0700CA5E80 /* Resources */,
				6370782220919F0B00CA5E80 /* Views */,
			);
			path = Menu;
			sourceTree = "<group>";
		};
		6370781F20919EFB00CA5E80 /* Controllers */ = {
			isa = PBXGroup;
			children = (
				637078312091C05400CA5E80 /* MenuNavigationController.swift */,
				6370782320919F2000CA5E80 /* MenuViewController.swift */,
				637078352091C7FF00CA5E80 /* CourseViewController.swift */,
			);
			path = Controllers;
			sourceTree = "<group>";
		};
		6370782020919F0200CA5E80 /* Models */ = {
			isa = PBXGroup;
			children = (
				637078252091A07C00CA5E80 /* Course.swift */,
				637078272091A19300CA5E80 /* Lesson.swift */,
			);
			path = Models;
			sourceTree = "<group>";
		};
		6370782120919F0700CA5E80 /* Resources */ = {
			isa = PBXGroup;
			children = (
			);
			path = Resources;
			sourceTree = "<group>";
		};
		6370782220919F0B00CA5E80 /* Views */ = {
			isa = PBXGroup;
			children = (
				637078292091B5AD00CA5E80 /* MenuTableViewCell.swift */,
				637078372091D38600CA5E80 /* LessonTableViewCell.swift */,
			);
			path = Views;
			sourceTree = "<group>";
		};
		6370783B2091E5CB00CA5E80 /* Augmented Reality */ = {
			isa = PBXGroup;
			children = (
				63BA7DC92099C0D8009D785A /* 3D Objects */,
				6370783C2091E5D700CA5E80 /* Controllers */,
				6386D055209BFC6A005B052B /* Resources */,
				6371B35D20A1564B008E3BCF /* Views */,
			);
			path = "Augmented Reality";
			sourceTree = "<group>";
		};
		6370783C2091E5D700CA5E80 /* Controllers */ = {
			isa = PBXGroup;
			children = (
				637078392091E2B600CA5E80 /* ARLessonViewController.swift */,
				6370783D2091E5EF00CA5E80 /* DefaultARViewController.swift */,
			);
			path = Controllers;
			sourceTree = "<group>";
		};
		6371B35D20A1564B008E3BCF /* Views */ = {
			isa = PBXGroup;
			children = (
				6371B35E20A1565C008E3BCF /* ARStackView.swift */,
				637E57DF20AC4FB3000464D6 /* SubtitleView.swift */,
				63B459E120A2F7EA00E15798 /* SubtitleTextView.swift */,
			);
			path = Views;
			sourceTree = "<group>";
		};
		6386D055209BFC6A005B052B /* Resources */ = {
			isa = PBXGroup;
			children = (
				6386D056209BFC7B005B052B /* AugmentedReality.xcassets */,
			);
			path = Resources;
			sourceTree = "<group>";
		};
		63BA7DC92099C0D8009D785A /* 3D Objects */ = {
			isa = PBXGroup;
			children = (
				63BA7DCA2099C0E3009D785A /* tracker.mtl */,
				63BA7DD02099C162009D785A /* tracker.scn */,
				63BA7DCB2099C0E3009D785A /* tracker.png */,
				639F14AD209EA7130074330F /* ContainerBoxNode.swift */,
				637E57E120AD6FD8000464D6 /* LinkedListNode.swift */,
				637E57E320AD700A000464D6 /* BaseNode.swift */,
				6397C26D20AD93670053F93F /* SceneKit Scene.scn */,
				63E6799F20C9A3DD00D35BC7 /* upgraded tracker.scn */,
			);
			path = "3D Objects";
			sourceTree = "<group>";
		};
		7F757CD0270A6B1F6D1CE30F /* Pods */ = {
			isa = PBXGroup;
			children = (
				6B7544049D4B61B9F7A528D7 /* Pods-Learn CS in AR.debug.xcconfig */,
				40E4C13DED107D72F1752A9E /* Pods-Learn CS in AR.release.xcconfig */,
			);
			name = Pods;
			sourceTree = "<group>";
		};
/* End PBXGroup section */

/* Begin PBXNativeTarget section */
		637077F320918E2500CA5E80 /* Learn CS in AR */ = {
			isa = PBXNativeTarget;
			buildConfigurationList = 6370780620918E2700CA5E80 /* Build configuration list for PBXNativeTarget "Learn CS in AR" */;
			buildPhases = (
				A7F7648AE27348F16A01A8D2 /* [CP] Check Pods Manifest.lock */,
				637077F020918E2500CA5E80 /* Sources */,
				637077F120918E2500CA5E80 /* Frameworks */,
				637077F220918E2500CA5E80 /* Resources */,
				38CB2B1755A48B474BA97964 /* [CP] Embed Pods Frameworks */,
			);
			buildRules = (
			);
			dependencies = (
			);
			name = "Learn CS in AR";
			productName = "Learn CS in AR";
			productReference = 637077F420918E2500CA5E80 /* Learn CS in AR.app */;
			productType = "com.apple.product-type.application";
		};
/* End PBXNativeTarget section */

/* Begin PBXProject section */
		637077EC20918E2500CA5E80 /* Project object */ = {
			isa = PBXProject;
			attributes = {
				LastSwiftUpdateCheck = 0930;
				LastUpgradeCheck = 0930;
				ORGANIZATIONNAME = "Jayven Nhan";
				TargetAttributes = {
					637077F320918E2500CA5E80 = {
						CreatedOnToolsVersion = 9.3;
					};
				};
			};
			buildConfigurationList = 637077EF20918E2500CA5E80 /* Build configuration list for PBXProject "Learn CS in AR" */;
			compatibilityVersion = "Xcode 9.3";
			developmentRegion = en;
			hasScannedForEncodings = 0;
			knownRegions = (
				en,
				Base,
			);
			mainGroup = 637077EB20918E2500CA5E80;
			productRefGroup = 637077F520918E2500CA5E80 /* Products */;
			projectDirPath = "";
			projectRoot = "";
			targets = (
				637077F320918E2500CA5E80 /* Learn CS in AR */,
			);
		};
/* End PBXProject section */

/* Begin PBXResourcesBuildPhase section */
		637077F220918E2500CA5E80 /* Resources */ = {
			isa = PBXResourcesBuildPhase;
			buildActionMask = 2147483647;
			files = (
				6370780220918E2700CA5E80 /* LaunchScreen.storyboard in Resources */,
				6386D057209BFC7B005B052B /* AugmentedReality.xcassets in Resources */,
				637077FF20918E2700CA5E80 /* Assets.xcassets in Resources */,
				63BA7DD12099C6BB009D785A /* tracker.scn in Resources */,
				6397C26E20AD93670053F93F /* SceneKit Scene.scn in Resources */,
				63BA7DCE2099C0E3009D785A /* tracker.png in Resources */,
				63E679A020C9A3DD00D35BC7 /* upgraded tracker.scn in Resources */,
				63BA7DCD2099C0E3009D785A /* tracker.mtl in Resources */,
			);
			runOnlyForDeploymentPostprocessing = 0;
		};
/* End PBXResourcesBuildPhase section */

/* Begin PBXShellScriptBuildPhase section */
		38CB2B1755A48B474BA97964 /* [CP] Embed Pods Frameworks */ = {
			isa = PBXShellScriptBuildPhase;
			buildActionMask = 2147483647;
			files = (
			);
			inputPaths = (
				"${SRCROOT}/Pods/Target Support Files/Pods-Learn CS in AR/Pods-Learn CS in AR-frameworks.sh",
				"${BUILT_PRODUCTS_DIR}/SnapKit/SnapKit.framework",
			);
			name = "[CP] Embed Pods Frameworks";
			outputPaths = (
				"${TARGET_BUILD_DIR}/${FRAMEWORKS_FOLDER_PATH}/SnapKit.framework",
			);
			runOnlyForDeploymentPostprocessing = 0;
			shellPath = /bin/sh;
			shellScript = "\"${SRCROOT}/Pods/Target Support Files/Pods-Learn CS in AR/Pods-Learn CS in AR-frameworks.sh\"\n";
			showEnvVarsInLog = 0;
		};
		A7F7648AE27348F16A01A8D2 /* [CP] Check Pods Manifest.lock */ = {
			isa = PBXShellScriptBuildPhase;
			buildActionMask = 2147483647;
			files = (
			);
			inputPaths = (
				"${PODS_PODFILE_DIR_PATH}/Podfile.lock",
				"${PODS_ROOT}/Manifest.lock",
			);
			name = "[CP] Check Pods Manifest.lock";
			outputPaths = (
				"$(DERIVED_FILE_DIR)/Pods-Learn CS in AR-checkManifestLockResult.txt",
			);
			runOnlyForDeploymentPostprocessing = 0;
			shellPath = /bin/sh;
			shellScript = "diff \"${PODS_PODFILE_DIR_PATH}/Podfile.lock\" \"${PODS_ROOT}/Manifest.lock\" > /dev/null\nif [ $? != 0 ] ; then\n    # print error to STDERR\n    echo \"error: The sandbox is not in sync with the Podfile.lock. Run 'pod install' or update your CocoaPods installation.\" >&2\n    exit 1\nfi\n# This output is used by Xcode 'outputs' to avoid re-running this script phase.\necho \"SUCCESS\" > \"${SCRIPT_OUTPUT_FILE_0}\"\n";
			showEnvVarsInLog = 0;
		};
/* End PBXShellScriptBuildPhase section */

/* Begin PBXSourcesBuildPhase section */
		637077F020918E2500CA5E80 /* Sources */ = {
			isa = PBXSourcesBuildPhase;
			buildActionMask = 2147483647;
			files = (
				637078342091C5BB00CA5E80 /* StyleKit.swift in Sources */,
				637E57E020AC4FB3000464D6 /* SubtitleView.swift in Sources */,
				637078282091A19300CA5E80 /* Lesson.swift in Sources */,
				6370782C2091B61100CA5E80 /* Constants.swift in Sources */,
				639F14B2209F09610074330F /* AlternateARButton.swift in Sources */,
				6370783A2091E2B600CA5E80 /* ARLessonViewController.swift in Sources */,
				637078262091A07C00CA5E80 /* Course.swift in Sources */,
				639F14AE209EA7130074330F /* ContainerBoxNode.swift in Sources */,
				637077F820918E2500CA5E80 /* AppDelegate.swift in Sources */,
				6370780A2091900800CA5E80 /* HomeViewController.swift in Sources */,
				6371B35F20A1565C008E3BCF /* ARStackView.swift in Sources */,
				6370782A2091B5AD00CA5E80 /* MenuTableViewCell.swift in Sources */,
				63707817209193D400CA5E80 /* Font.swift in Sources */,
				637078382091D38600CA5E80 /* LessonTableViewCell.swift in Sources */,
				63B459E220A2F7EA00E15798 /* SubtitleTextView.swift in Sources */,
				6370782420919F2000CA5E80 /* MenuViewController.swift in Sources */,
				63707819209195D200CA5E80 /* Extensions.swift in Sources */,
				6370781D2091976200CA5E80 /* AlternateActionButton.swift in Sources */,
				637E57E420AD700A000464D6 /* BaseNode.swift in Sources */,
				637078322091C05400CA5E80 /* MenuNavigationController.swift in Sources */,
				637E57E220AD6FD8000464D6 /* LinkedListNode.swift in Sources */,
				639F14AA209E9E1F0074330F /* ARButton.swift in Sources */,
				6370781B2091974900CA5E80 /* ActionButton.swift in Sources */,
				637078362091C7FF00CA5E80 /* CourseViewController.swift in Sources */,
				6370783E2091E5EF00CA5E80 /* DefaultARViewController.swift in Sources */,
				639F14B0209EEAAF0074330F /* ARLabel.swift in Sources */,
			);
			runOnlyForDeploymentPostprocessing = 0;
		};
/* End PBXSourcesBuildPhase section */

/* Begin PBXVariantGroup section */
		6370780020918E2700CA5E80 /* LaunchScreen.storyboard */ = {
			isa = PBXVariantGroup;
			children = (
				6370780120918E2700CA5E80 /* Base */,
			);
			name = LaunchScreen.storyboard;
			sourceTree = "<group>";
		};
/* End PBXVariantGroup section */

/* Begin XCBuildConfiguration section */
		6370780420918E2700CA5E80 /* Debug */ = {
			isa = XCBuildConfiguration;
			buildSettings = {
				ALWAYS_SEARCH_USER_PATHS = NO;
				CLANG_ANALYZER_NONNULL = YES;
				CLANG_ANALYZER_NUMBER_OBJECT_CONVERSION = YES_AGGRESSIVE;
				CLANG_CXX_LANGUAGE_STANDARD = "gnu++14";
				CLANG_CXX_LIBRARY = "libc++";
				CLANG_ENABLE_MODULES = YES;
				CLANG_ENABLE_OBJC_ARC = YES;
				CLANG_ENABLE_OBJC_WEAK = YES;
				CLANG_WARN_BLOCK_CAPTURE_AUTORELEASING = YES;
				CLANG_WARN_BOOL_CONVERSION = YES;
				CLANG_WARN_COMMA = YES;
				CLANG_WARN_CONSTANT_CONVERSION = YES;
				CLANG_WARN_DEPRECATED_OBJC_IMPLEMENTATIONS = YES;
				CLANG_WARN_DIRECT_OBJC_ISA_USAGE = YES_ERROR;
				CLANG_WARN_DOCUMENTATION_COMMENTS = YES;
				CLANG_WARN_EMPTY_BODY = YES;
				CLANG_WARN_ENUM_CONVERSION = YES;
				CLANG_WARN_INFINITE_RECURSION = YES;
				CLANG_WARN_INT_CONVERSION = YES;
				CLANG_WARN_NON_LITERAL_NULL_CONVERSION = YES;
				CLANG_WARN_OBJC_IMPLICIT_RETAIN_SELF = YES;
				CLANG_WARN_OBJC_LITERAL_CONVERSION = YES;
				CLANG_WARN_OBJC_ROOT_CLASS = YES_ERROR;
				CLANG_WARN_RANGE_LOOP_ANALYSIS = YES;
				CLANG_WARN_STRICT_PROTOTYPES = YES;
				CLANG_WARN_SUSPICIOUS_MOVE = YES;
				CLANG_WARN_UNGUARDED_AVAILABILITY = YES_AGGRESSIVE;
				CLANG_WARN_UNREACHABLE_CODE = YES;
				CLANG_WARN__DUPLICATE_METHOD_MATCH = YES;
				CODE_SIGN_IDENTITY = "iPhone Developer";
				COPY_PHASE_STRIP = NO;
				DEBUG_INFORMATION_FORMAT = dwarf;
				ENABLE_STRICT_OBJC_MSGSEND = YES;
				ENABLE_TESTABILITY = YES;
				GCC_C_LANGUAGE_STANDARD = gnu11;
				GCC_DYNAMIC_NO_PIC = NO;
				GCC_NO_COMMON_BLOCKS = YES;
				GCC_OPTIMIZATION_LEVEL = 0;
				GCC_PREPROCESSOR_DEFINITIONS = (
					"DEBUG=1",
					"$(inherited)",
				);
				GCC_WARN_64_TO_32_BIT_CONVERSION = YES;
				GCC_WARN_ABOUT_RETURN_TYPE = YES_ERROR;
				GCC_WARN_UNDECLARED_SELECTOR = YES;
				GCC_WARN_UNINITIALIZED_AUTOS = YES_AGGRESSIVE;
				GCC_WARN_UNUSED_FUNCTION = YES;
				GCC_WARN_UNUSED_VARIABLE = YES;
				IPHONEOS_DEPLOYMENT_TARGET = 11.3;
				MTL_ENABLE_DEBUG_INFO = YES;
				ONLY_ACTIVE_ARCH = YES;
				SDKROOT = iphoneos;
				SWIFT_ACTIVE_COMPILATION_CONDITIONS = DEBUG;
				SWIFT_OPTIMIZATION_LEVEL = "-Onone";
			};
			name = Debug;
		};
		6370780520918E2700CA5E80 /* Release */ = {
			isa = XCBuildConfiguration;
			buildSettings = {
				ALWAYS_SEARCH_USER_PATHS = NO;
				CLANG_ANALYZER_NONNULL = YES;
				CLANG_ANALYZER_NUMBER_OBJECT_CONVERSION = YES_AGGRESSIVE;
				CLANG_CXX_LANGUAGE_STANDARD = "gnu++14";
				CLANG_CXX_LIBRARY = "libc++";
				CLANG_ENABLE_MODULES = YES;
				CLANG_ENABLE_OBJC_ARC = YES;
				CLANG_ENABLE_OBJC_WEAK = YES;
				CLANG_WARN_BLOCK_CAPTURE_AUTORELEASING = YES;
				CLANG_WARN_BOOL_CONVERSION = YES;
				CLANG_WARN_COMMA = YES;
				CLANG_WARN_CONSTANT_CONVERSION = YES;
				CLANG_WARN_DEPRECATED_OBJC_IMPLEMENTATIONS = YES;
				CLANG_WARN_DIRECT_OBJC_ISA_USAGE = YES_ERROR;
				CLANG_WARN_DOCUMENTATION_COMMENTS = YES;
				CLANG_WARN_EMPTY_BODY = YES;
				CLANG_WARN_ENUM_CONVERSION = YES;
				CLANG_WARN_INFINITE_RECURSION = YES;
				CLANG_WARN_INT_CONVERSION = YES;
				CLANG_WARN_NON_LITERAL_NULL_CONVERSION = YES;
				CLANG_WARN_OBJC_IMPLICIT_RETAIN_SELF = YES;
				CLANG_WARN_OBJC_LITERAL_CONVERSION = YES;
				CLANG_WARN_OBJC_ROOT_CLASS = YES_ERROR;
				CLANG_WARN_RANGE_LOOP_ANALYSIS = YES;
				CLANG_WARN_STRICT_PROTOTYPES = YES;
				CLANG_WARN_SUSPICIOUS_MOVE = YES;
				CLANG_WARN_UNGUARDED_AVAILABILITY = YES_AGGRESSIVE;
				CLANG_WARN_UNREACHABLE_CODE = YES;
				CLANG_WARN__DUPLICATE_METHOD_MATCH = YES;
				CODE_SIGN_IDENTITY = "iPhone Developer";
				COPY_PHASE_STRIP = NO;
				DEBUG_INFORMATION_FORMAT = "dwarf-with-dsym";
				ENABLE_NS_ASSERTIONS = NO;
				ENABLE_STRICT_OBJC_MSGSEND = YES;
				GCC_C_LANGUAGE_STANDARD = gnu11;
				GCC_NO_COMMON_BLOCKS = YES;
				GCC_WARN_64_TO_32_BIT_CONVERSION = YES;
				GCC_WARN_ABOUT_RETURN_TYPE = YES_ERROR;
				GCC_WARN_UNDECLARED_SELECTOR = YES;
				GCC_WARN_UNINITIALIZED_AUTOS = YES_AGGRESSIVE;
				GCC_WARN_UNUSED_FUNCTION = YES;
				GCC_WARN_UNUSED_VARIABLE = YES;
				IPHONEOS_DEPLOYMENT_TARGET = 11.3;
				MTL_ENABLE_DEBUG_INFO = NO;
				SDKROOT = iphoneos;
				SWIFT_COMPILATION_MODE = wholemodule;
				SWIFT_OPTIMIZATION_LEVEL = "-O";
				VALIDATE_PRODUCT = YES;
			};
			name = Release;
		};
		6370780720918E2700CA5E80 /* Debug */ = {
			isa = XCBuildConfiguration;
			baseConfigurationReference = 6B7544049D4B61B9F7A528D7 /* Pods-Learn CS in AR.debug.xcconfig */;
			buildSettings = {
				ASSETCATALOG_COMPILER_APPICON_NAME = AppIcon;
				CODE_SIGN_STYLE = Automatic;
				DEVELOPMENT_TEAM = 3V8EPWEYFE;
				INFOPLIST_FILE = "$(SRCROOT)/Learn CS in AR/App/Supporting Files/Info.plist";
				IPHONEOS_DEPLOYMENT_TARGET = 11.0;
				LD_RUNPATH_SEARCH_PATHS = (
					"$(inherited)",
					"@executable_path/Frameworks",
				);
				PRODUCT_BUNDLE_IDENTIFIER = "com.jayvenn.app.Learn-CS-in-AR";
				PRODUCT_NAME = "$(TARGET_NAME)";
				SWIFT_VERSION = 4.0;
				TARGETED_DEVICE_FAMILY = "1,2";
			};
			name = Debug;
		};
		6370780820918E2700CA5E80 /* Release */ = {
			isa = XCBuildConfiguration;
			baseConfigurationReference = 40E4C13DED107D72F1752A9E /* Pods-Learn CS in AR.release.xcconfig */;
			buildSettings = {
				ASSETCATALOG_COMPILER_APPICON_NAME = AppIcon;
				CODE_SIGN_STYLE = Automatic;
				DEVELOPMENT_TEAM = 3V8EPWEYFE;
				INFOPLIST_FILE = "$(SRCROOT)/Learn CS in AR/App/Supporting Files/Info.plist";
				IPHONEOS_DEPLOYMENT_TARGET = 11.0;
				LD_RUNPATH_SEARCH_PATHS = (
					"$(inherited)",
					"@executable_path/Frameworks",
				);
				PRODUCT_BUNDLE_IDENTIFIER = "com.jayvenn.app.Learn-CS-in-AR";
				PRODUCT_NAME = "$(TARGET_NAME)";
				SWIFT_VERSION = 4.0;
				TARGETED_DEVICE_FAMILY = "1,2";
			};
			name = Release;
		};
/* End XCBuildConfiguration section */

/* Begin XCConfigurationList section */
		637077EF20918E2500CA5E80 /* Build configuration list for PBXProject "Learn CS in AR" */ = {
			isa = XCConfigurationList;
			buildConfigurations = (
				6370780420918E2700CA5E80 /* Debug */,
				6370780520918E2700CA5E80 /* Release */,
			);
			defaultConfigurationIsVisible = 0;
			defaultConfigurationName = Release;
		};
		6370780620918E2700CA5E80 /* Build configuration list for PBXNativeTarget "Learn CS in AR" */ = {
			isa = XCConfigurationList;
			buildConfigurations = (
				6370780720918E2700CA5E80 /* Debug */,
				6370780820918E2700CA5E80 /* Release */,
			);
			defaultConfigurationIsVisible = 0;
			defaultConfigurationName = Release;
		};
/* End XCConfigurationList section */
	};
	rootObject = 637077EC20918E2500CA5E80 /* Project object */;
}
